
Microsoft Visual Studio Solution File, Format Version 12.00
# Visual Studio Version 17
VisualStudioVersion = 17.14.36203.30 d17.14
MinimumVisualStudioVersion = 10.0.40219.1
Project("{FAE04EC0-301F-11D3-BF4B-00C04F79EFBC}") = "DapperConnectedArch", "DapperConnectedArch\DapperConnectedArch.csproj", "{3B705D0F-E33C-4B26-BA38-4B32F8FEB8A8}"
EndProject
Global
	GlobalSection(SolutionConfigurationPlatforms) = preSolution
		Debug|Any CPU = Debug|Any CPU
		Release|Any CPU = Release|Any CPU
	EndGlobalSection
	GlobalSection(ProjectConfigurationPlatforms) = postSolution
		{3B705D0F-E33C-4B26-BA38-4B32F8FEB8A8}.Debug|Any CPU.ActiveCfg = Debug|Any CPU
		{3B705D0F-E33C-4B26-BA38-4B32F8FEB8A8}.Debug|Any CPU.Build.0 = Debug|Any CPU
		{3B705D0F-E33C-4B26-BA38-4B32F8FEB8A8}.Release|Any CPU.ActiveCfg = Release|Any CPU
		{3B705D0F-E33C-4B26-BA38-4B32F8FEB8A8}.Release|Any CPU.Build.0 = Release|Any CPU
	EndGlobalSection
	GlobalSection(SolutionProperties) = preSolution
		HideSolutionNode = FALSE
	EndGlobalSection
	GlobalSection(ExtensibilityGlobals) = postSolution
		SolutionGuid = {907E2729-BFAF-4E3D-8616-0E5CC498CC47}
	EndGlobalSection
EndGlobal
