
Microsoft Visual Studio Solution File, Format Version 12.00
# Visual Studio Version 17
VisualStudioVersion = 17.14.36202.13
MinimumVisualStudioVersion = 10.0.40219.1
Project("{FAE04EC0-301F-11D3-BF4B-00C04F79EFBC}") = "Data Access Using Winform", "Data Access Using Winform\Data Access Using Winform.csproj", "{A1777964-4233-4367-8D56-ECCE66DBE54B}"
EndProject
Project("{FAE04EC0-301F-11D3-BF4B-00C04F79EFBC}") = "AdoDotNet_ConnArch_Feature", "AdoDotNet_ConnArch_Feature\AdoDotNet_ConnArch_Feature.csproj", "{30234839-0364-43A8-AD9F-CD69FD9E16D8}"
EndProject
Global
	GlobalSection(SolutionConfigurationPlatforms) = preSolution
		Debug|Any CPU = Debug|Any CPU
		Release|Any CPU = Release|Any CPU
	EndGlobalSection
	GlobalSection(ProjectConfigurationPlatforms) = postSolution
		{A1777964-4233-4367-8D56-ECCE66DBE54B}.Debug|Any CPU.ActiveCfg = Debug|Any CPU
		{A1777964-4233-4367-8D56-ECCE66DBE54B}.Debug|Any CPU.Build.0 = Debug|Any CPU
		{A1777964-4233-4367-8D56-ECCE66DBE54B}.Release|Any CPU.ActiveCfg = Release|Any CPU
		{A1777964-4233-4367-8D56-ECCE66DBE54B}.Release|Any CPU.Build.0 = Release|Any CPU
		{30234839-0364-43A8-AD9F-CD69FD9E16D8}.Debug|Any CPU.ActiveCfg = Debug|Any CPU
		{30234839-0364-43A8-AD9F-CD69FD9E16D8}.Debug|Any CPU.Build.0 = Debug|Any CPU
		{30234839-0364-43A8-AD9F-CD69FD9E16D8}.Release|Any CPU.ActiveCfg = Release|Any CPU
		{30234839-0364-43A8-AD9F-CD69FD9E16D8}.Release|Any CPU.Build.0 = Release|Any CPU
	EndGlobalSection
	GlobalSection(SolutionProperties) = preSolution
		HideSolutionNode = FALSE
	EndGlobalSection
	GlobalSection(ExtensibilityGlobals) = postSolution
		SolutionGuid = {B1316300-0141-4E60-892F-17F064A2FA5F}
	EndGlobalSection
EndGlobal
