
Microsoft Visual Studio Solution File, Format Version 12.00
# Visual Studio Version 17
VisualStudioVersion = 17.14.36212.18 d17.14
MinimumVisualStudioVersion = 10.0.40219.1
Project("{FAE04EC0-301F-11D3-BF4B-00C04F79EFBC}") = "CitiesManager.Web", "CitiesManager.Web\CitiesManager.Web.csproj", "{E04DA9B3-5E38-43A9-ADFA-03A6551CC217}"
EndProject
Global
	GlobalSection(SolutionConfigurationPlatforms) = preSolution
		Debug|Any CPU = Debug|Any CPU
		Release|Any CPU = Release|Any CPU
	EndGlobalSection
	GlobalSection(ProjectConfigurationPlatforms) = postSolution
		{E04DA9B3-5E38-43A9-ADFA-03A6551CC217}.Debug|Any CPU.ActiveCfg = Debug|Any CPU
		{E04DA9B3-5E38-43A9-ADFA-03A6551CC217}.Debug|Any CPU.Build.0 = Debug|Any CPU
		{E04DA9B3-5E38-43A9-ADFA-03A6551CC217}.Release|Any CPU.ActiveCfg = Release|Any CPU
		{E04DA9B3-5E38-43A9-ADFA-03A6551CC217}.Release|Any CPU.Build.0 = Release|Any CPU
	EndGlobalSection
	GlobalSection(SolutionProperties) = preSolution
		HideSolutionNode = FALSE
	EndGlobalSection
	GlobalSection(ExtensibilityGlobals) = postSolution
		SolutionGuid = {F7A09907-0ED6-4F53-B0EF-C19D0EAB09E9}
	EndGlobalSection
EndGlobal
