
Microsoft Visual Studio Solution File, Format Version 12.00
# Visual Studio Version 17
VisualStudioVersion = 17.14.36203.30 d17.14
MinimumVisualStudioVersion = 10.0.40219.1
Project("{FAE04EC0-301F-11D3-BF4B-00C04F79EFBC}") = "SecondMVCWebAPP", "SecondMVCWebAPP\SecondMVCWebAPP.csproj", "{91F08BF2-88B8-4601-A168-E01F5870B288}"
EndProject
Global
	GlobalSection(SolutionConfigurationPlatforms) = preSolution
		Debug|Any CPU = Debug|Any CPU
		Release|Any CPU = Release|Any CPU
	EndGlobalSection
	GlobalSection(ProjectConfigurationPlatforms) = postSolution
		{91F08BF2-88B8-4601-A168-E01F5870B288}.Debug|Any CPU.ActiveCfg = Debug|Any CPU
		{91F08BF2-88B8-4601-A168-E01F5870B288}.Debug|Any CPU.Build.0 = Debug|Any CPU
		{91F08BF2-88B8-4601-A168-E01F5870B288}.Release|Any CPU.ActiveCfg = Release|Any CPU
		{91F08BF2-88B8-4601-A168-E01F5870B288}.Release|Any CPU.Build.0 = Release|Any CPU
	EndGlobalSection
	GlobalSection(SolutionProperties) = preSolution
		HideSolutionNode = FALSE
	EndGlobalSection
	GlobalSection(ExtensibilityGlobals) = postSolution
		SolutionGuid = {A734C963-4949-4DFE-9E16-4B9FCC5339C1}
	EndGlobalSection
EndGlobal
