
Microsoft Visual Studio Solution File, Format Version 12.00
# Visual Studio Version 17
VisualStudioVersion = 17.14.36212.18 d17.14
MinimumVisualStudioVersion = 10.0.40219.1
Project("{FAE04EC0-301F-11D3-BF4B-00C04F79EFBC}") = "ConsumeWebApi_inJquery", "ConsumeWebApi_inJquery\ConsumeWebApi_inJquery.csproj", "{26081241-B862-4901-943A-1DA8A1F2F582}"
EndProject
Global
	GlobalSection(SolutionConfigurationPlatforms) = preSolution
		Debug|Any CPU = Debug|Any CPU
		Release|Any CPU = Release|Any CPU
	EndGlobalSection
	GlobalSection(ProjectConfigurationPlatforms) = postSolution
		{26081241-B862-4901-943A-1DA8A1F2F582}.Debug|Any CPU.ActiveCfg = Debug|Any CPU
		{26081241-B862-4901-943A-1DA8A1F2F582}.Debug|Any CPU.Build.0 = Debug|Any CPU
		{26081241-B862-4901-943A-1DA8A1F2F582}.Release|Any CPU.ActiveCfg = Release|Any CPU
		{26081241-B862-4901-943A-1DA8A1F2F582}.Release|Any CPU.Build.0 = Release|Any CPU
	EndGlobalSection
	GlobalSection(SolutionProperties) = preSolution
		HideSolutionNode = FALSE
	EndGlobalSection
	GlobalSection(ExtensibilityGlobals) = postSolution
		SolutionGuid = {14C4AFDA-4151-4A9B-B69F-46043F53DDF5}
	EndGlobalSection
EndGlobal
