
Microsoft Visual Studio Solution File, Format Version 12.00
# Visual Studio Version 17
VisualStudioVersion = 17.13.35913.81 d17.13
MinimumVisualStudioVersion = 10.0.40219.1
Project("{FAE04EC0-301F-11D3-BF4B-00C04F79EFBC}") = "ParameterisedThreadStartDemo", "ParameterisedThreadStartDemo.csproj", "{58EACD97-6CBC-4C45-BF01-034587025EB1}"
EndProject
Project("{FAE04EC0-301F-11D3-BF4B-00C04F79EFBC}") = "JoinMethodDemo", "..\JoinMethodDemo\JoinMethodDemo.csproj", "{700F08AF-B6FD-48F1-91A0-16C6C81B5960}"
EndProject
Global
	GlobalSection(SolutionConfigurationPlatforms) = preSolution
		Debug|Any CPU = Debug|Any CPU
		Release|Any CPU = Release|Any CPU
	EndGlobalSection
	GlobalSection(ProjectConfigurationPlatforms) = postSolution
		{58EACD97-6CBC-4C45-BF01-034587025EB1}.Debug|Any CPU.ActiveCfg = Debug|Any CPU
		{58EACD97-6CBC-4C45-BF01-034587025EB1}.Debug|Any CPU.Build.0 = Debug|Any CPU
		{58EACD97-6CBC-4C45-BF01-034587025EB1}.Release|Any CPU.ActiveCfg = Release|Any CPU
		{58EACD97-6CBC-4C45-BF01-034587025EB1}.Release|Any CPU.Build.0 = Release|Any CPU
		{700F08AF-B6FD-48F1-91A0-16C6C81B5960}.Debug|Any CPU.ActiveCfg = Debug|Any CPU
		{700F08AF-B6FD-48F1-91A0-16C6C81B5960}.Debug|Any CPU.Build.0 = Debug|Any CPU
		{700F08AF-B6FD-48F1-91A0-16C6C81B5960}.Release|Any CPU.ActiveCfg = Release|Any CPU
		{700F08AF-B6FD-48F1-91A0-16C6C81B5960}.Release|Any CPU.Build.0 = Release|Any CPU
	EndGlobalSection
	GlobalSection(SolutionProperties) = preSolution
		HideSolutionNode = FALSE
	EndGlobalSection
	GlobalSection(ExtensibilityGlobals) = postSolution
		SolutionGuid = {650A97FF-5B40-4F03-AD41-71B489F6E88D}
	EndGlobalSection
EndGlobal
