
Microsoft Visual Studio Solution File, Format Version 12.00
# Visual Studio Version 17
VisualStudioVersion = 17.14.36212.18 d17.14
MinimumVisualStudioVersion = 10.0.40219.1
Project("{FAE04EC0-301F-11D3-BF4B-00C04F79EFBC}") = "SingletonDesignPatternDemo", "SingletonDesignPatternDemo\SingletonDesignPatternDemo.csproj", "{8EB67A70-3B65-400B-B0C7-96174BD613F7}"
EndProject
Global
	GlobalSection(SolutionConfigurationPlatforms) = preSolution
		Debug|Any CPU = Debug|Any CPU
		Release|Any CPU = Release|Any CPU
	EndGlobalSection
	GlobalSection(ProjectConfigurationPlatforms) = postSolution
		{8EB67A70-3B65-400B-B0C7-96174BD613F7}.Debug|Any CPU.ActiveCfg = Debug|Any CPU
		{8EB67A70-3B65-400B-B0C7-96174BD613F7}.Debug|Any CPU.Build.0 = Debug|Any CPU
		{8EB67A70-3B65-400B-B0C7-96174BD613F7}.Release|Any CPU.ActiveCfg = Release|Any CPU
		{8EB67A70-3B65-400B-B0C7-96174BD613F7}.Release|Any CPU.Build.0 = Release|Any CPU
	EndGlobalSection
	GlobalSection(SolutionProperties) = preSolution
		HideSolutionNode = FALSE
	EndGlobalSection
	GlobalSection(ExtensibilityGlobals) = postSolution
		SolutionGuid = {6BE1287C-3180-4F0C-8026-3130CF4B3F82}
	EndGlobalSection
EndGlobal
