
Microsoft Visual Studio Solution File, Format Version 12.00
# Visual Studio Version 17
VisualStudioVersion = 17.14.36212.18 d17.14
MinimumVisualStudioVersion = 10.0.40219.1
Project("{FAE04EC0-301F-11D3-BF4B-00C04F79EFBC}") = "MVCAppWithLinqToSql", "MVCAppWithLinqToSql\MVCAppWithLinqToSql.csproj", "{149D5BE7-3EDE-41AD-95F2-B3346485C1E8}"
EndProject
Global
	GlobalSection(SolutionConfigurationPlatforms) = preSolution
		Debug|Any CPU = Debug|Any CPU
		Release|Any CPU = Release|Any CPU
	EndGlobalSection
	GlobalSection(ProjectConfigurationPlatforms) = postSolution
		{149D5BE7-3EDE-41AD-95F2-B3346485C1E8}.Debug|Any CPU.ActiveCfg = Debug|Any CPU
		{149D5BE7-3EDE-41AD-95F2-B3346485C1E8}.Debug|Any CPU.Build.0 = Debug|Any CPU
		{149D5BE7-3EDE-41AD-95F2-B3346485C1E8}.Release|Any CPU.ActiveCfg = Release|Any CPU
		{149D5BE7-3EDE-41AD-95F2-B3346485C1E8}.Release|Any CPU.Build.0 = Release|Any CPU
	EndGlobalSection
	GlobalSection(SolutionProperties) = preSolution
		HideSolutionNode = FALSE
	EndGlobalSection
	GlobalSection(ExtensibilityGlobals) = postSolution
		SolutionGuid = {29C35766-4D39-4164-B68A-93C9621E6D79}
	EndGlobalSection
EndGlobal
