
Microsoft Visual Studio Solution File, Format Version 12.00
# Visual Studio Version 17
VisualStudioVersion = 17.14.36212.18
MinimumVisualStudioVersion = 10.0.40219.1
Project("{FAE04EC0-301F-11D3-BF4B-00C04F79EFBC}") = "EmployeeCodeFirstLibrary", "EmployeeCodeFirstLibrary\EmployeeCodeFirstLibrary.csproj", "{CED2F762-1D8D-4052-B97B-F92427500F10}"
EndProject
Project("{FAE04EC0-301F-11D3-BF4B-00C04F79EFBC}") = "EmployeeDataAccess", "EmployeeDataAccess\EmployeeDataAccess.csproj", "{93BEBF43-6DF9-4CF4-AC91-040C116AE432}"
EndProject
Global
	GlobalSection(SolutionConfigurationPlatforms) = preSolution
		Debug|Any CPU = Debug|Any CPU
		Release|Any CPU = Release|Any CPU
	EndGlobalSection
	GlobalSection(ProjectConfigurationPlatforms) = postSolution
		{CED2F762-1D8D-4052-B97B-F92427500F10}.Debug|Any CPU.ActiveCfg = Debug|Any CPU
		{CED2F762-1D8D-4052-B97B-F92427500F10}.Debug|Any CPU.Build.0 = Debug|Any CPU
		{CED2F762-1D8D-4052-B97B-F92427500F10}.Release|Any CPU.ActiveCfg = Release|Any CPU
		{CED2F762-1D8D-4052-B97B-F92427500F10}.Release|Any CPU.Build.0 = Release|Any CPU
		{93BEBF43-6DF9-4CF4-AC91-040C116AE432}.Debug|Any CPU.ActiveCfg = Debug|Any CPU
		{93BEBF43-6DF9-4CF4-AC91-040C116AE432}.Debug|Any CPU.Build.0 = Debug|Any CPU
		{93BEBF43-6DF9-4CF4-AC91-040C116AE432}.Release|Any CPU.ActiveCfg = Release|Any CPU
		{93BEBF43-6DF9-4CF4-AC91-040C116AE432}.Release|Any CPU.Build.0 = Release|Any CPU
	EndGlobalSection
	GlobalSection(SolutionProperties) = preSolution
		HideSolutionNode = FALSE
	EndGlobalSection
	GlobalSection(ExtensibilityGlobals) = postSolution
		SolutionGuid = {D82661D8-BEFA-4BE1-9721-71F281CD438B}
	EndGlobalSection
EndGlobal
