
Microsoft Visual Studio Solution File, Format Version 12.00
# Visual Studio Version 17
VisualStudioVersion = 17.13.35913.81 d17.13
MinimumVisualStudioVersion = 10.0.40219.1
Project("{FAE04EC0-301F-11D3-BF4B-00C04F79EFBC}") = "ArrayClassBasics", "ArrayClassBasics.csproj", "{C0FA9F30-99DC-4AD0-B3B5-02F3264994A6}"
EndProject
Global
	GlobalSection(SolutionConfigurationPlatforms) = preSolution
		Debug|Any CPU = Debug|Any CPU
		Release|Any CPU = Release|Any CPU
	EndGlobalSection
	GlobalSection(ProjectConfigurationPlatforms) = postSolution
		{C0FA9F30-99DC-4AD0-B3B5-02F3264994A6}.Debug|Any CPU.ActiveCfg = Debug|Any CPU
		{C0FA9F30-99DC-4AD0-B3B5-02F3264994A6}.Debug|Any CPU.Build.0 = Debug|Any CPU
		{C0FA9F30-99DC-4AD0-B3B5-02F3264994A6}.Release|Any CPU.ActiveCfg = Release|Any CPU
		{C0FA9F30-99DC-4AD0-B3B5-02F3264994A6}.Release|Any CPU.Build.0 = Release|Any CPU
	EndGlobalSection
	GlobalSection(SolutionProperties) = preSolution
		HideSolutionNode = FALSE
	EndGlobalSection
	GlobalSection(ExtensibilityGlobals) = postSolution
		SolutionGuid = {B67053D4-2AFA-47C0-8424-EDB93FE3D536}
	EndGlobalSection
EndGlobal
